
Microsoft Visual Studio Solution File, Format Version 12.00
Project("{FAE04EC0-301F-11D3-BF4B-00C04F79EFBC}") = "Cranberry", "Cranberry.csproj", "{B9FEB5C4-D73D-44E2-95A2-A0A2031F7801}"
EndProject
Global
	GlobalSection(SolutionConfigurationPlatforms) = preSolution
		Debug|Any CPU = Debug|Any CPU
		Release|Any CPU = Release|Any CPU
	EndGlobalSection
	GlobalSection(ProjectConfigurationPlatforms) = postSolution
		{B9FEB5C4-D73D-44E2-95A2-A0A2031F7801}.Debug|Any CPU.ActiveCfg = Debug|Any CPU
		{B9FEB5C4-D73D-44E2-95A2-A0A2031F7801}.Debug|Any CPU.Build.0 = Debug|Any CPU
		{B9FEB5C4-D73D-44E2-95A2-A0A2031F7801}.Release|Any CPU.ActiveCfg = Release|Any CPU
		{B9FEB5C4-D73D-44E2-95A2-A0A2031F7801}.Release|Any CPU.Build.0 = Release|Any CPU
	EndGlobalSection
EndGlobal
